Microsoft Visual Studio Solution File, Format Version 12.00
# Visual Studio Version 17
VisualStudioVersion = 17.0.31903.59
MinimumVisualStudioVersion = 10.0.40219.1
Project("{9A19103F-16F7-4668-BE54-9A1E7A4F7556}") = "GopherMcp", "src\GopherMcp.csproj", "{B5A7D3A1-8C2E-4B9F-A3D4-7E8F9C2B1D43}"
EndProject
Project("{9A19103F-16F7-4668-BE54-9A1E7A4F7556}") = "GopherMcp.Tests", "tests\GopherMcp.Tests.csproj", "{C6B8E4A2-9D3F-5CA0-B4E5-8F9A0D3C2E54}"
EndProject
Project("{2150E333-8FDC-42A3-9474-1A3956D46DE8}") = "Examples", "Examples", "{D7C9F5B3-AE40-6DB1-C5F6-9A0B1E4D3F65}"
EndProject
Project("{9A19103F-16F7-4668-BE54-9A1E7A4F7556}") = "GopherMcpExample", "examples\GopherMcpExample.csproj", "{E8D0A6C4-BF51-7EC2-D607-AB1C2F5E4G76}"
EndProject
Global
	GlobalSection(SolutionConfigurationPlatforms) = preSolution
		Debug|Any CPU = Debug|Any CPU
		Release|Any CPU = Release|Any CPU
	EndGlobalSection
	GlobalSection(ProjectConfigurationPlatforms) = postSolution
		{B5A7D3A1-8C2E-4B9F-A3D4-7E8F9C2B1D43}.Debug|Any CPU.ActiveCfg = Debug|Any CPU
		{B5A7D3A1-8C2E-4B9F-A3D4-7E8F9C2B1D43}.Debug|Any CPU.Build.0 = Debug|Any CPU
		{B5A7D3A1-8C2E-4B9F-A3D4-7E8F9C2B1D43}.Release|Any CPU.ActiveCfg = Release|Any CPU
		{B5A7D3A1-8C2E-4B9F-A3D4-7E8F9C2B1D43}.Release|Any CPU.Build.0 = Release|Any CPU
		{C6B8E4A2-9D3F-5CA0-B4E5-8F9A0D3C2E54}.Debug|Any CPU.ActiveCfg = Debug|Any CPU
		{C6B8E4A2-9D3F-5CA0-B4E5-8F9A0D3C2E54}.Debug|Any CPU.Build.0 = Debug|Any CPU
		{C6B8E4A2-9D3F-5CA0-B4E5-8F9A0D3C2E54}.Release|Any CPU.ActiveCfg = Release|Any CPU
		{C6B8E4A2-9D3F-5CA0-B4E5-8F9A0D3C2E54}.Release|Any CPU.Build.0 = Release|Any CPU
		{E8D0A6C4-BF51-7EC2-D607-AB1C2F5E4G76}.Debug|Any CPU.ActiveCfg = Debug|Any CPU
		{E8D0A6C4-BF51-7EC2-D607-AB1C2F5E4G76}.Debug|Any CPU.Build.0 = Debug|Any CPU
		{E8D0A6C4-BF51-7EC2-D607-AB1C2F5E4G76}.Release|Any CPU.ActiveCfg = Release|Any CPU
		{E8D0A6C4-BF51-7EC2-D607-AB1C2F5E4G76}.Release|Any CPU.Build.0 = Release|Any CPU
	EndGlobalSection
	GlobalSection(SolutionProperties) = preSolution
		HideSolutionNode = FALSE
	EndGlobalSection
	GlobalSection(NestedProjects) = preSolution
		{E8D0A6C4-BF51-7EC2-D607-AB1C2F5E4G76} = {D7C9F5B3-AE40-6DB1-C5F6-9A0B1E4D3F65}
	EndGlobalSection
	GlobalSection(ExtensibilityGlobals) = postSolution
		SolutionGuid = {F9E8B7C6-D5A4-3B92-8C71-6D04A9E2F83C}
	EndGlobalSection
EndGlobal